
Microsoft Visual Studio Solution File, Format Version 12.00
# Visual Studio Version 17
VisualStudioVersion = 17.10.35122.118
MinimumVisualStudioVersion = 10.0.40219.1
Project("{FAE04EC0-301F-11D3-BF4B-00C04F79EFBC}") = "UnsafeCode", "UnsafeCode\UnsafeCode.csproj", "{2E86B1DC-1EDA-4524-B694-45EBFF12C3CD}"
EndProject
Global
	GlobalSection(SolutionConfigurationPlatforms) = preSolution
		Debug|Any CPU = Debug|Any CPU
		Release|Any CPU = Release|Any CPU
	EndGlobalSection
	GlobalSection(ProjectConfigurationPlatforms) = postSolution
		{2E86B1DC-1EDA-4524-B694-45EBFF12C3CD}.Debug|Any CPU.ActiveCfg = Debug|Any CPU
		{2E86B1DC-1EDA-4524-B694-45EBFF12C3CD}.Debug|Any CPU.Build.0 = Debug|Any CPU
		{2E86B1DC-1EDA-4524-B694-45EBFF12C3CD}.Release|Any CPU.ActiveCfg = Release|Any CPU
		{2E86B1DC-1EDA-4524-B694-45EBFF12C3CD}.Release|Any CPU.Build.0 = Release|Any CPU
	EndGlobalSection
	GlobalSection(SolutionProperties) = preSolution
		HideSolutionNode = FALSE
	EndGlobalSection
	GlobalSection(ExtensibilityGlobals) = postSolution
		SolutionGuid = {6C1CD7E5-F0E6-4E98-8B77-32BC1576C3B1}
	EndGlobalSection
EndGlobal
