
Microsoft Visual Studio Solution File, Format Version 12.00
# Visual Studio Version 17
VisualStudioVersion = 17.10.35122.118
MinimumVisualStudioVersion = 10.0.40219.1
Project("{FAE04EC0-301F-11D3-BF4B-00C04F79EFBC}") = "learnCsharp", "learnCsharp\learnCsharp.csproj", "{526FB124-F35E-49C3-9453-6917AC872FA3}"
EndProject
Project("{FAE04EC0-301F-11D3-BF4B-00C04F79EFBC}") = "firstapp", "firstapp\firstapp.csproj", "{D287C257-98D7-4CD9-BD07-4D2C4397154E}"
EndProject
Global
	GlobalSection(SolutionConfigurationPlatforms) = preSolution
		Debug|Any CPU = Debug|Any CPU
		Release|Any CPU = Release|Any CPU
	EndGlobalSection
	GlobalSection(ProjectConfigurationPlatforms) = postSolution
		{526FB124-F35E-49C3-9453-6917AC872FA3}.Debug|Any CPU.ActiveCfg = Debug|Any CPU
		{526FB124-F35E-49C3-9453-6917AC872FA3}.Debug|Any CPU.Build.0 = Debug|Any CPU
		{526FB124-F35E-49C3-9453-6917AC872FA3}.Release|Any CPU.ActiveCfg = Release|Any CPU
		{526FB124-F35E-49C3-9453-6917AC872FA3}.Release|Any CPU.Build.0 = Release|Any CPU
		{D287C257-98D7-4CD9-BD07-4D2C4397154E}.Debug|Any CPU.ActiveCfg = Debug|Any CPU
		{D287C257-98D7-4CD9-BD07-4D2C4397154E}.Debug|Any CPU.Build.0 = Debug|Any CPU
		{D287C257-98D7-4CD9-BD07-4D2C4397154E}.Release|Any CPU.ActiveCfg = Release|Any CPU
		{D287C257-98D7-4CD9-BD07-4D2C4397154E}.Release|Any CPU.Build.0 = Release|Any CPU
	EndGlobalSection
	GlobalSection(SolutionProperties) = preSolution
		HideSolutionNode = FALSE
	EndGlobalSection
	GlobalSection(ExtensibilityGlobals) = postSolution
		SolutionGuid = {82DE83E5-0AC2-4347-9590-972C2F784774}
	EndGlobalSection
EndGlobal
